{
  "name": "pi-bridge",
  "lockfileVersion": 3,
  "requires": true,
  "packages": {
    "": {
      "dependencies": {
        "bridge": "^2.0.73"
      }
    },
    "node_modules/bridge": {
      "version": "2.0.73",
      "resolved": "https://registry.npmjs.org/bridge/-/bridge-2.0.73.tgz",
      "integrity": "sha512-eV2ZoEd8tFsh7kwpNZRduCxkFK1qgOd1IP2a3jiC0XJfgqc/nqG/Nzcf5SOkaP/dE7C/BtkebMQgp6JYOqzR0g==",
      "license": "MIT"
    }
  }
}
